{
  "name": "temp",
  "lockfileVersion": 3,
  "requires": true,
  "packages": {
    "": {
      "dependencies": {
        "markdown-to-jsx": "^7.2.1"
      }
    },
    "node_modules/markdown-to-jsx": {
      "version": "7.2.1",
      "resolved": "https://registry.npmjs.org/markdown-to-jsx/-/markdown-to-jsx-7.2.1.tgz",
      "integrity": "sha512-9HrdzBAo0+sFz9ZYAGT5fB8ilzTW+q6lPocRxrIesMO+aB40V9MgFfbfMXxlGjf22OpRy+IXlvVaQenicdpgbg==",
      "engines": {
        "node": ">= 10"
      },
      "peerDependencies": {
        "react": ">= 0.14.0"
      }
    }
  }
}
